Microsoft Visual Studio Solution File, Format Version 12.00
# Visual Studio Version 17
VisualStudioVersion = 17.5.2.0
MinimumVisualStudioVersion = 10.0.40219.1
Project("{FAE04EC0-301F-11D3-BF4B-00C04F79EFBC}") = "HostingDemoBlazor", "HostingDemoBlazor.csproj", "{07ED28F1-B16A-0FDF-6F90-FF918E3499D8}"
EndProject
Global
	GlobalSection(SolutionConfigurationPlatforms) = preSolution
		Debug|Any CPU = Debug|Any CPU
		Release|Any CPU = Release|Any CPU
	EndGlobalSection
	GlobalSection(ProjectConfigurationPlatforms) = postSolution
		{07ED28F1-B16A-0FDF-6F90-FF918E3499D8}.Debug|Any CPU.ActiveCfg = Debug|Any CPU
		{07ED28F1-B16A-0FDF-6F90-FF918E3499D8}.Debug|Any CPU.Build.0 = Debug|Any CPU
		{07ED28F1-B16A-0FDF-6F90-FF918E3499D8}.Release|Any CPU.ActiveCfg = Release|Any CPU
		{07ED28F1-B16A-0FDF-6F90-FF918E3499D8}.Release|Any CPU.Build.0 = Release|Any CPU
	EndGlobalSection
	GlobalSection(SolutionProperties) = preSolution
		HideSolutionNode = FALSE
	EndGlobalSection
	GlobalSection(ExtensibilityGlobals) = postSolution
		SolutionGuid = {06D35773-78B1-49AB-AAF7-D4BCF3223462}
	EndGlobalSection
EndGlobal
